
Microsoft Visual Studio Solution File, Format Version 12.00
# Visual Studio Version 16
VisualStudioVersion = 16.0.31605.320
MinimumVisualStudioVersion = 10.0.40219.1
Project("{9A19103F-16F7-4668-BE54-9A1E7A4F7556}") = "TestBossFight", "TestBossFight\TestBossFight.csproj", "{FDA7813D-61A7-494E-B7E8-EF44B3C7D13B}"
EndProject
Project("{9A19103F-16F7-4668-BE54-9A1E7A4F7556}") = "BossfightUnitTested", "BossfightUnitTested\BossfightUnitTested.csproj", "{7714C697-5051-4297-88C3-D6B3F7D27397}"
EndProject
Global
	GlobalSection(SolutionConfigurationPlatforms) = preSolution
		Debug|Any CPU = Debug|Any CPU
		Release|Any CPU = Release|Any CPU
	EndGlobalSection
	GlobalSection(ProjectConfigurationPlatforms) = postSolution
		{FDA7813D-61A7-494E-B7E8-EF44B3C7D13B}.Debug|Any CPU.ActiveCfg = Debug|Any CPU
		{FDA7813D-61A7-494E-B7E8-EF44B3C7D13B}.Debug|Any CPU.Build.0 = Debug|Any CPU
		{FDA7813D-61A7-494E-B7E8-EF44B3C7D13B}.Release|Any CPU.ActiveCfg = Release|Any CPU
		{FDA7813D-61A7-494E-B7E8-EF44B3C7D13B}.Release|Any CPU.Build.0 = Release|Any CPU
		{7714C697-5051-4297-88C3-D6B3F7D27397}.Debug|Any CPU.ActiveCfg = Debug|Any CPU
		{7714C697-5051-4297-88C3-D6B3F7D27397}.Debug|Any CPU.Build.0 = Debug|Any CPU
		{7714C697-5051-4297-88C3-D6B3F7D27397}.Release|Any CPU.ActiveCfg = Release|Any CPU
		{7714C697-5051-4297-88C3-D6B3F7D27397}.Release|Any CPU.Build.0 = Release|Any CPU
	EndGlobalSection
	GlobalSection(SolutionProperties) = preSolution
		HideSolutionNode = FALSE
	EndGlobalSection
	GlobalSection(ExtensibilityGlobals) = postSolution
		SolutionGuid = {9547E3C5-6C16-4D33-BC1C-4E2889B6B6C7}
	EndGlobalSection
EndGlobal
